// !$*UTF8*$!
{
	archiveVersion = 1;
	classes = {
	};
	objectVersion = 46;
	objects = {

/* Begin PBXBuildFile section */
		37CDB8DD8C0FAC1F1C64EA4F /* Pods.framework in Frameworks */ = {isa = PBXBuildFile; fileRef = DAA617F38FB03D172781D42C /* Pods.framework */; };
		D2F56D401C9D9A740017F459 /* CoreData.framework in Frameworks */ = {isa = PBXBuildFile; fileRef = D2F56D3F1C9D9A740017F459 /* CoreData.framework */; };
		D2F56D441C9D9A740017F459 /* main.m in Sources */ = {isa = PBXBuildFile; fileRef = D2F56D431C9D9A740017F459 /* main.m */; };
		D2F56D471C9D9A740017F459 /* AppDelegate.m in Sources */ = {isa = PBXBuildFile; fileRef = D2F56D461C9D9A740017F459 /* AppDelegate.m */; };
		D2F56D4A1C9D9A740017F459 /* Main.storyboard in Resources */ = {isa = PBXBuildFile; fileRef = D2F56D481C9D9A740017F459 /* Main.storyboard */; };
		D2F56D501C9D9A740017F459 /* HomeVC.m in Sources */ = {isa = PBXBuildFile; fileRef = D2F56D4F1C9D9A740017F459 /* HomeVC.m */; };
		D2F56D551C9D9A740017F459 /* UIColor+testFastlane.m in Sources */ = {isa = PBXBuildFile; fileRef = D2F56D541C9D9A740017F459 /* UIColor+testFastlane.m */; };
		D2F56D581C9D9A740017F459 /* DataLayer.m in Sources */ = {isa = PBXBuildFile; fileRef = D2F56D571C9D9A740017F459 /* DataLayer.m */; };
		D2F56D5C1C9D9A740017F459 /* About.plist in Resources */ = {isa = PBXBuildFile; fileRef = D2F56D5B1C9D9A740017F459 /* About.plist */; };
		D2F56D601C9D9A740017F459 /* ReminderUtility.m in Sources */ = {isa = PBXBuildFile; fileRef = D2F56D5F1C9D9A740017F459 /* ReminderUtility.m */; };
		D2F56D651C9D9A740017F459 /* testFastlane.xcdatamodeld in Sources */ = {isa = PBXBuildFile; fileRef = D2F56D631C9D9A740017F459 /* testFastlane.xcdatamodeld */; };
		D2F56D671C9D9A750017F459 /* Assets.xcassets in Resources */ = {isa = PBXBuildFile; fileRef = D2F56D661C9D9A750017F459 /* Assets.xcassets */; };
		D2F56D6A1C9D9A750017F459 /* LaunchScreen.storyboard in Resources */ = {isa = PBXBuildFile; fileRef = D2F56D681C9D9A750017F459 /* LaunchScreen.storyboard */; };
/* End PBXBuildFile section */

/* Begin PBXFileReference section */
		72DD05E63A76937247527283 /* Pods.release.xcconfig */ = {isa = PBXFileReference; includeInIndex = 1; lastKnownFileType = text.xcconfig; name = Pods.release.xcconfig; path = "Pods/Target Support Files/Pods/Pods.release.xcconfig"; sourceTree = "<group>"; };
		A2E4DB1B28FF880A8A47A4F5 /* Pods.debug.xcconfig */ = {isa = PBXFileReference; includeInIndex = 1; lastKnownFileType = text.xcconfig; name = Pods.debug.xcconfig; path = "Pods/Target Support Files/Pods/Pods.debug.xcconfig"; sourceTree = "<group>"; };
		D2F56D3C1C9D9A740017F459 /* testFastlane.app */ = {isa = PBXFileReference; explicitFileType = wrapper.application; includeInIndex = 0; path = testFastlane.app; sourceTree = BUILT_PRODUCTS_DIR; };
		D2F56D3F1C9D9A740017F459 /* CoreData.framework */ = {isa = PBXFileReference; lastKnownFileType = wrapper.framework; name = CoreData.framework; path = System/Library/Frameworks/CoreData.framework; sourceTree = SDKROOT; };
		D2F56D431C9D9A740017F459 /* main.m */ = {isa = PBXFileReference; lastKnownFileType = sourcecode.c.objc; path = main.m; sourceTree = "<group>"; };
		D2F56D451C9D9A740017F459 /* AppDelegate.h */ = {isa = PBXFileReference; lastKnownFileType = sourcecode.c.h; path = AppDelegate.h; sourceTree = "<group>"; };
		D2F56D461C9D9A740017F459 /* AppDelegate.m */ = {isa = PBXFileReference; lastKnownFileType = sourcecode.c.objc; path = AppDelegate.m; sourceTree = "<group>"; };
		D2F56D491C9D9A740017F459 /* Base */ = {isa = PBXFileReference; lastKnownFileType = file.storyboard; name = Base; path = Base.lproj/Main.storyboard; sourceTree = "<group>"; };
		D2F56D4E1C9D9A740017F459 /* HomeVC.h */ = {isa = PBXFileReference; lastKnownFileType = sourcecode.c.h; name = HomeVC.h; path = Classes/Controllers/Home/HomeVC.h; sourceTree = "<group>"; };
		D2F56D4F1C9D9A740017F459 /* HomeVC.m */ = {isa = PBXFileReference; lastKnownFileType = sourcecode.c.objc; name = HomeVC.m; path = Classes/Controllers/Home/HomeVC.m; sourceTree = "<group>"; };
		D2F56D511C9D9A740017F459 /* testFastlane-Bridging-Header.h */ = {isa = PBXFileReference; lastKnownFileType = sourcecode.c.h; path = "testFastlane-Bridging-Header.h"; sourceTree = "<group>"; };
		D2F56D531C9D9A740017F459 /* UIColor+testFastlane.h */ = {isa = PBXFileReference; lastKnownFileType = sourcecode.c.h; name = "UIColor+testFastlane.h"; path = "Classes/Customizations/UIColor+testFastlane.h"; sourceTree = "<group>"; };
		D2F56D541C9D9A740017F459 /* UIColor+testFastlane.m */ = {isa = PBXFileReference; lastKnownFileType = sourcecode.c.objc; name = "UIColor+testFastlane.m"; path = "Classes/Customizations/UIColor+testFastlane.m"; sourceTree = "<group>"; };
		D2F56D571C9D9A740017F459 /* DataLayer.m */ = {isa = PBXFileReference; lastKnownFileType = sourcecode.c.objc; name = DataLayer.m; path = Classes/Managers/DataLayer.m; sourceTree = "<group>"; };
		D2F56D591C9D9A740017F459 /* DataLayer.h */ = {isa = PBXFileReference; lastKnownFileType = sourcecode.c.h; name = DataLayer.h; path = Classes/Managers/DataLayer.h; sourceTree = "<group>"; };
		D2F56D5B1C9D9A740017F459 /* About.plist */ = {isa = PBXFileReference; lastKnownFileType = text.plist.xml; name = About.plist; path = Contents/About.plist; sourceTree = "<group>"; };
		D2F56D5E1C9D9A740017F459 /* Constants.h */ = {isa = PBXFileReference; lastKnownFileType = sourcecode.c.h; name = Constants.h; path = Classes/Utils/Constants.h; sourceTree = "<group>"; };
		D2F56D5F1C9D9A740017F459 /* ReminderUtility.m */ = {isa = PBXFileReference; lastKnownFileType = sourcecode.c.objc; name = ReminderUtility.m; path = Classes/Utils/ReminderUtility.m; sourceTree = "<group>"; };
		D2F56D611C9D9A740017F459 /* ReminderUtility.h */ = {isa = PBXFileReference; lastKnownFileType = sourcecode.c.h; name = ReminderUtility.h; path = Classes/Utils/ReminderUtility.h; sourceTree = "<group>"; };
		D2F56D621C9D9A740017F459 /* Podfile */ = {isa = PBXFileReference; lastKnownFileType = text; name = Podfile; path = ../Podfile; sourceTree = "<group>"; };
		D2F56D641C9D9A740017F459 /* testFastlane.xcdatamodel */ = {isa = PBXFileReference; lastKnownFileType = wrapper.xcdatamodel; path = testFastlane.xcdatamodel; sourceTree = "<group>"; };
		D2F56D661C9D9A750017F459 /* Assets.xcassets */ = {isa = PBXFileReference; lastKnownFileType = folder.assetcatalog; path = Assets.xcassets; sourceTree = "<group>"; };
		D2F56D691C9D9A750017F459 /* Base */ = {isa = PBXFileReference; lastKnownFileType = file.storyboard; name = Base; path = Base.lproj/LaunchScreen.storyboard; sourceTree = "<group>"; };
		D2F56D6B1C9D9A750017F459 /* Info.plist */ = {isa = PBXFileReference; lastKnownFileType = text.plist.xml; path = Info.plist; sourceTree = "<group>"; };
		DAA617F38FB03D172781D42C /* Pods.framework */ = {isa = PBXFileReference; explicitFileType = wrapper.framework; includeInIndex = 0; path = Pods.framework; sourceTree = BUILT_PRODUCTS_DIR; };
/* End PBXFileReference section */

/* Begin PBXFrameworksBuildPhase section */
		D2F56D391C9D9A740017F459 /* Frameworks */ = {
			isa = PBXFrameworksBuildPhase;
			buildActionMask = 2147483647;
			files = (
				D2F56D401C9D9A740017F459 /* CoreData.framework in Frameworks */,
				37CDB8DD8C0FAC1F1C64EA4F /* Pods.framework in Frameworks */,
			);
			runOnlyForDeploymentPostprocessing = 0;
		};
/* End PBXFrameworksBuildPhase section */

/* Begin PBXGroup section */
		0F0A0917DF915196F339574C /* Pods */ = {
			isa = PBXGroup;
			children = (
				A2E4DB1B28FF880A8A47A4F5 /* Pods.debug.xcconfig */,
				72DD05E63A76937247527283 /* Pods.release.xcconfig */,
			);
			name = Pods;
			sourceTree = "<group>";
		};
		D2F56D331C9D9A740017F459 = {
			isa = PBXGroup;
			children = (
				D2F56D411C9D9A740017F459 /* testFastlane */,
				D2F56D3E1C9D9A740017F459 /* Frameworks */,
				D2F56D3D1C9D9A740017F459 /* Products */,
				0F0A0917DF915196F339574C /* Pods */,
			);
			sourceTree = "<group>";
		};
		D2F56D3D1C9D9A740017F459 /* Products */ = {
			isa = PBXGroup;
			children = (
				D2F56D3C1C9D9A740017F459 /* testFastlane.app */,
			);
			name = Products;
			sourceTree = "<group>";
		};
		D2F56D3E1C9D9A740017F459 /* Frameworks */ = {
			isa = PBXGroup;
			children = (
				D2F56D3F1C9D9A740017F459 /* CoreData.framework */,
				DAA617F38FB03D172781D42C /* Pods.framework */,
			);
			name = Frameworks;
			sourceTree = "<group>";
		};
		D2F56D411C9D9A740017F459 /* testFastlane */ = {
			isa = PBXGroup;
			children = (
				D2F56D451C9D9A740017F459 /* AppDelegate.h */,
				D2F56D461C9D9A740017F459 /* AppDelegate.m */,
				D2F56D481C9D9A740017F459 /* Main.storyboard */,
				D2F56D511C9D9A740017F459 /* testFastlane-Bridging-Header.h */,
				D2F56D661C9D9A750017F459 /* Assets.xcassets */,
				D2F56D681C9D9A750017F459 /* LaunchScreen.storyboard */,
				D2F56D6B1C9D9A750017F459 /* Info.plist */,
				D2F56D631C9D9A740017F459 /* testFastlane.xcdatamodeld */,
				D2F56D4B1C9D9A740017F459 /* Classes */,
				D2F56D5A1C9D9A740017F459 /* Content */,
				D2F56D421C9D9A740017F459 /* Supporting Files */,
			);
			path = testFastlane;
			sourceTree = "<group>";
		};
		D2F56D421C9D9A740017F459 /* Supporting Files */ = {
			isa = PBXGroup;
			children = (
				D2F56D431C9D9A740017F459 /* main.m */,
				D2F56D621C9D9A740017F459 /* Podfile */,
			);
			name = "Supporting Files";
			sourceTree = "<group>";
		};
		D2F56D4B1C9D9A740017F459 /* Classes */ = {
			isa = PBXGroup;
			children = (
				D2F56D4C1C9D9A740017F459 /* Controllers */,
				D2F56D521C9D9A740017F459 /* Customizations */,
				D2F56D561C9D9A740017F459 /* Managers */,
				D2F56D5D1C9D9A740017F459 /* Utils */,
			);
			name = Classes;
			sourceTree = "<group>";
		};
		D2F56D4C1C9D9A740017F459 /* Controllers */ = {
			isa = PBXGroup;
			children = (
				D2F56D4D1C9D9A740017F459 /* Home */,
			);
			name = Controllers;
			sourceTree = "<group>";
		};
		D2F56D4D1C9D9A740017F459 /* Home */ = {
			isa = PBXGroup;
			children = (
				D2F56D4E1C9D9A740017F459 /* HomeVC.h */,
				D2F56D4F1C9D9A740017F459 /* HomeVC.m */,
			);
			name = Home;
			sourceTree = "<group>";
		};
		D2F56D521C9D9A740017F459 /* Customizations */ = {
			isa = PBXGroup;
			children = (
				D2F56D531C9D9A740017F459 /* UIColor+testFastlane.h */,
				D2F56D541C9D9A740017F459 /* UIColor+testFastlane.m */,
			);
			name = Customizations;
			sourceTree = "<group>";
		};
		D2F56D561C9D9A740017F459 /* Managers */ = {
			isa = PBXGroup;
			children = (
				D2F56D571C9D9A740017F459 /* DataLayer.m */,
				D2F56D591C9D9A740017F459 /* DataLayer.h */,
			);
			name = Managers;
			sourceTree = "<group>";
		};
		D2F56D5A1C9D9A740017F459 /* Content */ = {
			isa = PBXGroup;
			children = (
				D2F56D5B1C9D9A740017F459 /* About.plist */,
			);
			name = Content;
			sourceTree = "<group>";
		};
		D2F56D5D1C9D9A740017F459 /* Utils */ = {
			isa = PBXGroup;
			children = (
				D2F56D5E1C9D9A740017F459 /* Constants.h */,
				D2F56D5F1C9D9A740017F459 /* ReminderUtility.m */,
				D2F56D611C9D9A740017F459 /* ReminderUtility.h */,
			);
			name = Utils;
			sourceTree = "<group>";
		};
/* End PBXGroup section */

/* Begin PBXNativeTarget section */
		D2F56D3B1C9D9A740017F459 /* testFastlane */ = {
			isa = PBXNativeTarget;
			buildConfigurationList = D2F56D6E1C9D9A750017F459 /* Build configuration list for PBXNativeTarget "testFastlane" */;
			buildPhases = (
				758099C3C5B6F711E66DE4EF /* Check Pods Manifest.lock */,
				D2F56D381C9D9A740017F459 /* Sources */,
				D2F56D391C9D9A740017F459 /* Frameworks */,
				D2F56D3A1C9D9A740017F459 /* Resources */,
				3941BC8BA5A0BFDF02123777 /* Embed Pods Frameworks */,
				C54FD018F6A7A835256D5A6D /* Copy Pods Resources */,
			);
			buildRules = (
			);
			dependencies = (
			);
			name = testFastlane;
			productName = testFastlane;
			productReference = D2F56D3C1C9D9A740017F459 /* testFastlane.app */;
			productType = "com.apple.product-type.application";
		};
/* End PBXNativeTarget section */

/* Begin PBXProject section */
		D2F56D341C9D9A740017F459 /* Project object */ = {
			isa = PBXProject;
			attributes = {
				LastUpgradeCheck = 0720;
				ORGANIZATIONNAME = "Alessandro Amoroso";
				TargetAttributes = {
					D2F56D3B1C9D9A740017F459 = {
						CreatedOnToolsVersion = 7.2.1;
						DevelopmentTeam = W28TCTNTKY;
					};
				};
			};
			buildConfigurationList = D2F56D371C9D9A740017F459 /* Build configuration list for PBXProject "testFastlane" */;
			compatibilityVersion = "Xcode 3.2";
			developmentRegion = English;
			hasScannedForEncodings = 0;
			knownRegions = (
				en,
				Base,
			);
			mainGroup = D2F56D331C9D9A740017F459;
			productRefGroup = D2F56D3D1C9D9A740017F459 /* Products */;
			projectDirPath = "";
			projectRoot = "";
			targets = (
				D2F56D3B1C9D9A740017F459 /* testFastlane */,
			);
		};
/* End PBXProject section */

/* Begin PBXResourcesBuildPhase section */
		D2F56D3A1C9D9A740017F459 /* Resources */ = {
			isa = PBXResourcesBuildPhase;
			buildActionMask = 2147483647;
			files = (
				D2F56D5C1C9D9A740017F459 /* About.plist in Resources */,
				D2F56D6A1C9D9A750017F459 /* LaunchScreen.storyboard in Resources */,
				D2F56D671C9D9A750017F459 /* Assets.xcassets in Resources */,
				D2F56D4A1C9D9A740017F459 /* Main.storyboard in Resources */,
			);
			runOnlyForDeploymentPostprocessing = 0;
		};
/* End PBXResourcesBuildPhase section */

/* Begin PBXShellScriptBuildPhase section */
		3941BC8BA5A0BFDF02123777 /* Embed Pods Frameworks */ = {
			isa = PBXShellScriptBuildPhase;
			buildActionMask = 2147483647;
			files = (
			);
			inputPaths = (
			);
			name = "Embed Pods Frameworks";
			outputPaths = (
			);
			runOnlyForDeploymentPostprocessing = 0;
			shellPath = /bin/sh;
			shellScript = "\"${SRCROOT}/Pods/Target Support Files/Pods/Pods-frameworks.sh\"\n";
			showEnvVarsInLog = 0;
		};
		758099C3C5B6F711E66DE4EF /* Check Pods Manifest.lock */ = {
			isa = PBXShellScriptBuildPhase;
			buildActionMask = 2147483647;
			files = (
			);
			inputPaths = (
			);
			name = "Check Pods Manifest.lock";
			outputPaths = (
			);
			runOnlyForDeploymentPostprocessing = 0;
			shellPath = /bin/sh;
			shellScript = "diff \"${PODS_ROOT}/../Podfile.lock\" \"${PODS_ROOT}/Manifest.lock\" > /dev/null\nif [[ $? != 0 ]] ; then\n    cat << EOM\nerror: The sandbox is not in sync with the Podfile.lock. Run 'pod install' or update your CocoaPods installation.\nEOM\n    exit 1\nfi\n";
			showEnvVarsInLog = 0;
		};
		C54FD018F6A7A835256D5A6D /* Copy Pods Resources */ = {
			isa = PBXShellScriptBuildPhase;
			buildActionMask = 2147483647;
			files = (
			);
			inputPaths = (
			);
			name = "Copy Pods Resources";
			outputPaths = (
			);
			runOnlyForDeploymentPostprocessing = 0;
			shellPath = /bin/sh;
			shellScript = "\"${SRCROOT}/Pods/Target Support Files/Pods/Pods-resources.sh\"\n";
			showEnvVarsInLog = 0;
		};
/* End PBXShellScriptBuildPhase section */

/* Begin PBXSourcesBuildPhase section */
		D2F56D381C9D9A740017F459 /* Sources */ = {
			isa = PBXSourcesBuildPhase;
			buildActionMask = 2147483647;
			files = (
				D2F56D501C9D9A740017F459 /* HomeVC.m in Sources */,
				D2F56D651C9D9A740017F459 /* testFastlane.xcdatamodeld in Sources */,
				D2F56D471C9D9A740017F459 /* AppDelegate.m in Sources */,
				D2F56D601C9D9A740017F459 /* ReminderUtility.m in Sources */,
				D2F56D441C9D9A740017F459 /* main.m in Sources */,
				D2F56D581C9D9A740017F459 /* DataLayer.m in Sources */,
				D2F56D551C9D9A740017F459 /* UIColor+testFastlane.m in Sources */,
			);
			runOnlyForDeploymentPostprocessing = 0;
		};
/* End PBXSourcesBuildPhase section */

/* Begin PBXVariantGroup section */
		D2F56D481C9D9A740017F459 /* Main.storyboard */ = {
			isa = PBXVariantGroup;
			children = (
				D2F56D491C9D9A740017F459 /* Base */,
			);
			name = Main.storyboard;
			sourceTree = "<group>";
		};
		D2F56D681C9D9A750017F459 /* LaunchScreen.storyboard */ = {
			isa = PBXVariantGroup;
			children = (
				D2F56D691C9D9A750017F459 /* Base */,
			);
			name = LaunchScreen.storyboard;
			sourceTree = "<group>";
		};
/* End PBXVariantGroup section */

/* Begin XCBuildConfiguration section */
		D2F56D6C1C9D9A750017F459 /* Debug */ = {
			isa = XCBuildConfiguration;
			buildSettings = {
				ALWAYS_SEARCH_USER_PATHS = NO;
				CLANG_CXX_LANGUAGE_STANDARD = "gnu++0x";
				CLANG_CXX_LIBRARY = "libc++";
				CLANG_ENABLE_MODULES = YES;
				CLANG_ENABLE_OBJC_ARC = YES;
				CLANG_WARN_BOOL_CONVERSION = YES;
				CLANG_WARN_CONSTANT_CONVERSION = YES;
				CLANG_WARN_DIRECT_OBJC_ISA_USAGE = YES_ERROR;
				CLANG_WARN_EMPTY_BODY = YES;
				CLANG_WARN_ENUM_CONVERSION = YES;
				CLANG_WARN_INT_CONVERSION = YES;
				CLANG_WARN_OBJC_ROOT_CLASS = YES_ERROR;
				CLANG_WARN_UNREACHABLE_CODE = YES;
				CLANG_WARN__DUPLICATE_METHOD_MATCH = YES;
				"CODE_SIGN_IDENTITY[sdk=iphoneos*]" = "iPhone Developer";
				COPY_PHASE_STRIP = NO;
				DEBUG_INFORMATION_FORMAT = dwarf;
				ENABLE_STRICT_OBJC_MSGSEND = YES;
				ENABLE_TESTABILITY = YES;
				GCC_C_LANGUAGE_STANDARD = gnu99;
				GCC_DYNAMIC_NO_PIC = NO;
				GCC_NO_COMMON_BLOCKS = YES;
				GCC_OPTIMIZATION_LEVEL = 0;
				GCC_PREPROCESSOR_DEFINITIONS = (
					"DEBUG=1",
					"$(inherited)",
				);
				GCC_WARN_64_TO_32_BIT_CONVERSION = YES;
				GCC_WARN_ABOUT_RETURN_TYPE = YES_ERROR;
				GCC_WARN_UNDECLARED_SELECTOR = YES;
				GCC_WARN_UNINITIALIZED_AUTOS = YES_AGGRESSIVE;
				GCC_WARN_UNUSED_FUNCTION = YES;
				GCC_WARN_UNUSED_VARIABLE = YES;
				IPHONEOS_DEPLOYMENT_TARGET = 9.2;
				MTL_ENABLE_DEBUG_INFO = YES;
				ONLY_ACTIVE_ARCH = YES;
				SDKROOT = iphoneos;
				TARGETED_DEVICE_FAMILY = "1,2";
			};
			name = Debug;
		};
		D2F56D6D1C9D9A750017F459 /* Release */ = {
			isa = XCBuildConfiguration;
			buildSettings = {
				ALWAYS_SEARCH_USER_PATHS = NO;
				CLANG_CXX_LANGUAGE_STANDARD = "gnu++0x";
				CLANG_CXX_LIBRARY = "libc++";
				CLANG_ENABLE_MODULES = YES;
				CLANG_ENABLE_OBJC_ARC = YES;
				CLANG_WARN_BOOL_CONVERSION = YES;
				CLANG_WARN_CONSTANT_CONVERSION = YES;
				CLANG_WARN_DIRECT_OBJC_ISA_USAGE = YES_ERROR;
				CLANG_WARN_EMPTY_BODY = YES;
				CLANG_WARN_ENUM_CONVERSION = YES;
				CLANG_WARN_INT_CONVERSION = YES;
				CLANG_WARN_OBJC_ROOT_CLASS = YES_ERROR;
				CLANG_WARN_UNREACHABLE_CODE = YES;
				CLANG_WARN__DUPLICATE_METHOD_MATCH = YES;
				"CODE_SIGN_IDENTITY[sdk=iphoneos*]" = "iPhone Developer";
				COPY_PHASE_STRIP = NO;
				DEBUG_INFORMATION_FORMAT = "dwarf-with-dsym";
				ENABLE_NS_ASSERTIONS = NO;
				ENABLE_STRICT_OBJC_MSGSEND = YES;
				GCC_C_LANGUAGE_STANDARD = gnu99;
				GCC_NO_COMMON_BLOCKS = YES;
				GCC_WARN_64_TO_32_BIT_CONVERSION = YES;
				GCC_WARN_ABOUT_RETURN_TYPE = YES_ERROR;
				GCC_WARN_UNDECLARED_SELECTOR = YES;
				GCC_WARN_UNINITIALIZED_AUTOS = YES_AGGRESSIVE;
				GCC_WARN_UNUSED_FUNCTION = YES;
				GCC_WARN_UNUSED_VARIABLE = YES;
				IPHONEOS_DEPLOYMENT_TARGET = 9.2;
				MTL_ENABLE_DEBUG_INFO = NO;
				SDKROOT = iphoneos;
				TARGETED_DEVICE_FAMILY = "1,2";
				VALIDATE_PRODUCT = YES;
			};
			name = Release;
		};
		D2F56D6F1C9D9A750017F459 /* Debug */ = {
			isa = XCBuildConfiguration;
			baseConfigurationReference = A2E4DB1B28FF880A8A47A4F5 /* Pods.debug.xcconfig */;
			buildSettings = {
				ASSETCATALOG_COMPILER_APPICON_NAME = AppIcon;
				CODE_SIGN_IDENTITY = "iPhone Developer";
				INFOPLIST_FILE = testFastlane/Info.plist;
				LD_RUNPATH_SEARCH_PATHS = "$(inherited) @executable_path/Frameworks";
				PRODUCT_BUNDLE_IDENTIFIER = is.vertical.testFastlane;
				PRODUCT_NAME = "$(TARGET_NAME)";
			};
			name = Debug;
		};
		D2F56D701C9D9A750017F459 /* Release */ = {
			isa = XCBuildConfiguration;
			baseConfigurationReference = 72DD05E63A76937247527283 /* Pods.release.xcconfig */;
			buildSettings = {
				ASSETCATALOG_COMPILER_APPICON_NAME = AppIcon;
				CODE_SIGN_IDENTITY = "iPhone Developer";
				INFOPLIST_FILE = testFastlane/Info.plist;
				LD_RUNPATH_SEARCH_PATHS = "$(inherited) @executable_path/Frameworks";
				PRODUCT_BUNDLE_IDENTIFIER = is.vertical.testFastlane;
				PRODUCT_NAME = "$(TARGET_NAME)";
			};
			name = Release;
		};
/* End XCBuildConfiguration section */

/* Begin XCConfigurationList section */
		D2F56D371C9D9A740017F459 /* Build configuration list for PBXProject "testFastlane" */ = {
			isa = XCConfigurationList;
			buildConfigurations = (
				D2F56D6C1C9D9A750017F459 /* Debug */,
				D2F56D6D1C9D9A750017F459 /* Release */,
			);
			defaultConfigurationIsVisible = 0;
			defaultConfigurationName = Release;
		};
		D2F56D6E1C9D9A750017F459 /* Build configuration list for PBXNativeTarget "testFastlane" */ = {
			isa = XCConfigurationList;
			buildConfigurations = (
				D2F56D6F1C9D9A750017F459 /* Debug */,
				D2F56D701C9D9A750017F459 /* Release */,
			);
			defaultConfigurationIsVisible = 0;
			defaultConfigurationName = Release;
		};
/* End XCConfigurationList section */

/* Begin XCVersionGroup section */
		D2F56D631C9D9A740017F459 /* testFastlane.xcdatamodeld */ = {
			isa = XCVersionGroup;
			children = (
				D2F56D641C9D9A740017F459 /* testFastlane.xcdatamodel */,
			);
			currentVersion = D2F56D641C9D9A740017F459 /* testFastlane.xcdatamodel */;
			path = testFastlane.xcdatamodeld;
			sourceTree = "<group>";
			versionGroupType = wrapper.xcdatamodel;
		};
/* End XCVersionGroup section */
	};
	rootObject = D2F56D341C9D9A740017F459 /* Project object */;
}
